// !$*UTF8*$!
{
	archiveVersion = 1;
	classes = {
	};
	objectVersion = 46;
	objects = {

/* Begin PBXBuildFile section */
		EC500D981BB70B4C0052D49C /* AppDelegate.swift in Sources */ = {isa = PBXBuildFile; fileRef = EC500D971BB70B4C0052D49C /* AppDelegate.swift */; };
		EC500D9A1BB70B4C0052D49C /* TipViewController.swift in Sources */ = {isa = PBXBuildFile; fileRef = EC500D991BB70B4C0052D49C /* TipViewController.swift */; };
		EC500D9D1BB70B4C0052D49C /* Main.storyboard in Resources */ = {isa = PBXBuildFile; fileRef = EC500D9B1BB70B4C0052D49C /* Main.storyboard */; };
		EC500D9F1BB70B4C0052D49C /* Images.xcassets in Resources */ = {isa = PBXBuildFile; fileRef = EC500D9E1BB70B4C0052D49C /* Images.xcassets */; };
		EC500DA21BB70B4C0052D49C /* LaunchScreen.xib in Resources */ = {isa = PBXBuildFile; fileRef = EC500DA01BB70B4C0052D49C /* LaunchScreen.xib */; };
		EC500DAE1BB70B4C0052D49C /* TipCalculatorTests.swift in Sources */ = {isa = PBXBuildFile; fileRef = EC500DAD1BB70B4C0052D49C /* TipCalculatorTests.swift */; };
		EC500DB91BB711F50052D49C /* NavigationController.swift in Sources */ = {isa = PBXBuildFile; fileRef = EC500DB81BB711F50052D49C /* NavigationController.swift */; };
		EC500DBB1BB744EA0052D49C /* SelectTipViewController.swift in Sources */ = {isa = PBXBuildFile; fileRef = EC500DBA1BB744EA0052D49C /* SelectTipViewController.swift */; };
/* End PBXBuildFile section */

/* Begin PBXContainerItemProxy section */
		EC500DA81BB70B4C0052D49C /* PBXContainerItemProxy */ = {
			isa = PBXContainerItemProxy;
			containerPortal = EC500D8A1BB70B4C0052D49C /* Project object */;
			proxyType = 1;
			remoteGlobalIDString = EC500D911BB70B4C0052D49C;
			remoteInfo = TipCalculator;
		};
/* End PBXContainerItemProxy section */

/* Begin PBXFileReference section */
		EC500D921BB70B4C0052D49C /* TipCalculator.app */ = {isa = PBXFileReference; explicitFileType = wrapper.application; includeInIndex = 0; path = TipCalculator.app; sourceTree = BUILT_PRODUCTS_DIR; };
		EC500D961BB70B4C0052D49C /* Info.plist */ = {isa = PBXFileReference; lastKnownFileType = text.plist.xml; path = Info.plist; sourceTree = "<group>"; };
		EC500D971BB70B4C0052D49C /* AppDelegate.swift */ = {isa = PBXFileReference; lastKnownFileType = sourcecode.swift; path = AppDelegate.swift; sourceTree = "<group>"; };
		EC500D991BB70B4C0052D49C /* TipViewController.swift */ = {isa = PBXFileReference; lastKnownFileType = sourcecode.swift; path = TipViewController.swift; sourceTree = "<group>"; };
		EC500D9C1BB70B4C0052D49C /* Base */ = {isa = PBXFileReference; lastKnownFileType = file.storyboard; name = Base; path = Base.lproj/Main.storyboard; sourceTree = "<group>"; };
		EC500D9E1BB70B4C0052D49C /* Images.xcassets */ = {isa = PBXFileReference; lastKnownFileType = folder.assetcatalog; path = Images.xcassets; sourceTree = "<group>"; };
		EC500DA11BB70B4C0052D49C /* Base */ = {isa = PBXFileReference; lastKnownFileType = file.xib; name = Base; path = Base.lproj/LaunchScreen.xib; sourceTree = "<group>"; };
		EC500DA71BB70B4C0052D49C /* TipCalculatorTests.xctest */ = {isa = PBXFileReference; explicitFileType = wrapper.cfbundle; includeInIndex = 0; path = TipCalculatorTests.xctest; sourceTree = BUILT_PRODUCTS_DIR; };
		EC500DAC1BB70B4C0052D49C /* Info.plist */ = {isa = PBXFileReference; lastKnownFileType = text.plist.xml; path = Info.plist; sourceTree = "<group>"; };
		EC500DAD1BB70B4C0052D49C /* TipCalculatorTests.swift */ = {isa = PBXFileReference; lastKnownFileType = sourcecode.swift; path = TipCalculatorTests.swift; sourceTree = "<group>"; };
		EC500DB81BB711F50052D49C /* NavigationController.swift */ = {isa = PBXFileReference; fileEncoding = 4; lastKnownFileType = sourcecode.swift; path = NavigationController.swift; sourceTree = "<group>"; };
		EC500DBA1BB744EA0052D49C /* SelectTipViewController.swift */ = {isa = PBXFileReference; fileEncoding = 4; lastKnownFileType = sourcecode.swift; path = SelectTipViewController.swift; sourceTree = "<group>"; };
/* End PBXFileReference section */

/* Begin PBXFrameworksBuildPhase section */
		EC500D8F1BB70B4C0052D49C /* Frameworks */ = {
			isa = PBXFrameworksBuildPhase;
			buildActionMask = 2147483647;
			files = (
			);
			runOnlyForDeploymentPostprocessing = 0;
		};
		EC500DA41BB70B4C0052D49C /* Frameworks */ = {
			isa = PBXFrameworksBuildPhase;
			buildActionMask = 2147483647;
			files = (
			);
			runOnlyForDeploymentPostprocessing = 0;
		};
/* End PBXFrameworksBuildPhase section */

/* Begin PBXGroup section */
		EC500D891BB70B4C0052D49C = {
			isa = PBXGroup;
			children = (
				EC500D941BB70B4C0052D49C /* TipCalculator */,
				EC500DAA1BB70B4C0052D49C /* TipCalculatorTests */,
				EC500D931BB70B4C0052D49C /* Products */,
			);
			sourceTree = "<group>";
		};
		EC500D931BB70B4C0052D49C /* Products */ = {
			isa = PBXGroup;
			children = (
				EC500D921BB70B4C0052D49C /* TipCalculator.app */,
				EC500DA71BB70B4C0052D49C /* TipCalculatorTests.xctest */,
			);
			name = Products;
			sourceTree = "<group>";
		};
		EC500D941BB70B4C0052D49C /* TipCalculator */ = {
			isa = PBXGroup;
			children = (
				EC500DB71BB70B590052D49C /* Views */,
				EC500D971BB70B4C0052D49C /* AppDelegate.swift */,
				EC500D9B1BB70B4C0052D49C /* Main.storyboard */,
				EC500D9E1BB70B4C0052D49C /* Images.xcassets */,
				EC500DA01BB70B4C0052D49C /* LaunchScreen.xib */,
				EC500D951BB70B4C0052D49C /* Supporting Files */,
			);
			path = TipCalculator;
			sourceTree = "<group>";
		};
		EC500D951BB70B4C0052D49C /* Supporting Files */ = {
			isa = PBXGroup;
			children = (
				EC500D961BB70B4C0052D49C /* Info.plist */,
			);
			name = "Supporting Files";
			sourceTree = "<group>";
		};
		EC500DAA1BB70B4C0052D49C /* TipCalculatorTests */ = {
			isa = PBXGroup;
			children = (
				EC500DAD1BB70B4C0052D49C /* TipCalculatorTests.swift */,
				EC500DAB1BB70B4C0052D49C /* Supporting Files */,
			);
			path = TipCalculatorTests;
			sourceTree = "<group>";
		};
		EC500DAB1BB70B4C0052D49C /* Supporting Files */ = {
			isa = PBXGroup;
			children = (
				EC500DAC1BB70B4C0052D49C /* Info.plist */,
			);
			name = "Supporting Files";
			sourceTree = "<group>";
		};
		EC500DB71BB70B590052D49C /* Views */ = {
			isa = PBXGroup;
			children = (
				EC500D991BB70B4C0052D49C /* TipViewController.swift */,
				EC500DB81BB711F50052D49C /* NavigationController.swift */,
				EC500DBA1BB744EA0052D49C /* SelectTipViewController.swift */,
			);
			name = Views;
			sourceTree = "<group>";
		};
/* End PBXGroup section */

/* Begin PBXNativeTarget section */
		EC500D911BB70B4C0052D49C /* TipCalculator */ = {
			isa = PBXNativeTarget;
			buildConfigurationList = EC500DB11BB70B4C0052D49C /* Build configuration list for PBXNativeTarget "TipCalculator" */;
			buildPhases = (
				EC500D8E1BB70B4C0052D49C /* Sources */,
				EC500D8F1BB70B4C0052D49C /* Frameworks */,
				EC500D901BB70B4C0052D49C /* Resources */,
			);
			buildRules = (
			);
			dependencies = (
			);
			name = TipCalculator;
			productName = TipCalculator;
			productReference = EC500D921BB70B4C0052D49C /* TipCalculator.app */;
			productType = "com.apple.product-type.application";
		};
		EC500DA61BB70B4C0052D49C /* TipCalculatorTests */ = {
			isa = PBXNativeTarget;
			buildConfigurationList = EC500DB41BB70B4C0052D49C /* Build configuration list for PBXNativeTarget "TipCalculatorTests" */;
			buildPhases = (
				EC500DA31BB70B4C0052D49C /* Sources */,
				EC500DA41BB70B4C0052D49C /* Frameworks */,
				EC500DA51BB70B4C0052D49C /* Resources */,
			);
			buildRules = (
			);
			dependencies = (
				EC500DA91BB70B4C0052D49C /* PBXTargetDependency */,
			);
			name = TipCalculatorTests;
			productName = TipCalculatorTests;
			productReference = EC500DA71BB70B4C0052D49C /* TipCalculatorTests.xctest */;
			productType = "com.apple.product-type.bundle.unit-test";
		};
/* End PBXNativeTarget section */

/* Begin PBXProject section */
		EC500D8A1BB70B4C0052D49C /* Project object */ = {
			isa = PBXProject;
			attributes = {
				LastUpgradeCheck = 0630;
				ORGANIZATIONNAME = "Ping Zhang";
				TargetAttributes = {
					EC500D911BB70B4C0052D49C = {
						CreatedOnToolsVersion = 6.3.2;
					};
					EC500DA61BB70B4C0052D49C = {
						CreatedOnToolsVersion = 6.3.2;
						TestTargetID = EC500D911BB70B4C0052D49C;
					};
				};
			};
			buildConfigurationList = EC500D8D1BB70B4C0052D49C /* Build configuration list for PBXProject "TipCalculator" */;
			compatibilityVersion = "Xcode 3.2";
			developmentRegion = English;
			hasScannedForEncodings = 0;
			knownRegions = (
				en,
				Base,
			);
			mainGroup = EC500D891BB70B4C0052D49C;
			productRefGroup = EC500D931BB70B4C0052D49C /* Products */;
			projectDirPath = "";
			projectRoot = "";
			targets = (
				EC500D911BB70B4C0052D49C /* TipCalculator */,
				EC500DA61BB70B4C0052D49C /* TipCalculatorTests */,
			);
		};
/* End PBXProject section */

/* Begin PBXResourcesBuildPhase section */
		EC500D901BB70B4C0052D49C /* Resources */ = {
			isa = PBXResourcesBuildPhase;
			buildActionMask = 2147483647;
			files = (
				EC500D9D1BB70B4C0052D49C /* Main.storyboard in Resources */,
				EC500DA21BB70B4C0052D49C /* LaunchScreen.xib in Resources */,
				EC500D9F1BB70B4C0052D49C /* Images.xcassets in Resources */,
			);
			runOnlyForDeploymentPostprocessing = 0;
		};
		EC500DA51BB70B4C0052D49C /* Resources */ = {
			isa = PBXResourcesBuildPhase;
			buildActionMask = 2147483647;
			files = (
			);
			runOnlyForDeploymentPostprocessing = 0;
		};
/* End PBXResourcesBuildPhase section */

/* Begin PBXSourcesBuildPhase section */
		EC500D8E1BB70B4C0052D49C /* Sources */ = {
			isa = PBXSourcesBuildPhase;
			buildActionMask = 2147483647;
			files = (
				EC500DBB1BB744EA0052D49C /* SelectTipViewController.swift in Sources */,
				EC500D9A1BB70B4C0052D49C /* TipViewController.swift in Sources */,
				EC500DB91BB711F50052D49C /* NavigationController.swift in Sources */,
				EC500D981BB70B4C0052D49C /* AppDelegate.swift in Sources */,
			);
			runOnlyForDeploymentPostprocessing = 0;
		};
		EC500DA31BB70B4C0052D49C /* Sources */ = {
			isa = PBXSourcesBuildPhase;
			buildActionMask = 2147483647;
			files = (
				EC500DAE1BB70B4C0052D49C /* TipCalculatorTests.swift in Sources */,
			);
			runOnlyForDeploymentPostprocessing = 0;
		};
/* End PBXSourcesBuildPhase section */

/* Begin PBXTargetDependency section */
		EC500DA91BB70B4C0052D49C /* PBXTargetDependency */ = {
			isa = PBXTargetDependency;
			target = EC500D911BB70B4C0052D49C /* TipCalculator */;
			targetProxy = EC500DA81BB70B4C0052D49C /* PBXContainerItemProxy */;
		};
/* End PBXTargetDependency section */

/* Begin PBXVariantGroup section */
		EC500D9B1BB70B4C0052D49C /* Main.storyboard */ = {
			isa = PBXVariantGroup;
			children = (
				EC500D9C1BB70B4C0052D49C /* Base */,
			);
			name = Main.storyboard;
			sourceTree = "<group>";
		};
		EC500DA01BB70B4C0052D49C /* LaunchScreen.xib */ = {
			isa = PBXVariantGroup;
			children = (
				EC500DA11BB70B4C0052D49C /* Base */,
			);
			name = LaunchScreen.xib;
			sourceTree = "<group>";
		};
/* End PBXVariantGroup section */

/* Begin XCBuildConfiguration section */
		EC500DAF1BB70B4C0052D49C /* Debug */ = {
			isa = XCBuildConfiguration;
			buildSettings = {
				ALWAYS_SEARCH_USER_PATHS = NO;
				CLANG_CXX_LANGUAGE_STANDARD = "gnu++0x";
				CLANG_CXX_LIBRARY = "libc++";
				CLANG_ENABLE_MODULES = YES;
				CLANG_ENABLE_OBJC_ARC = YES;
				CLANG_WARN_BOOL_CONVERSION = YES;
				CLANG_WARN_CONSTANT_CONVERSION = YES;
				CLANG_WARN_DIRECT_OBJC_ISA_USAGE = YES_ERROR;
				CLANG_WARN_EMPTY_BODY = YES;
				CLANG_WARN_ENUM_CONVERSION = YES;
				CLANG_WARN_INT_CONVERSION = YES;
				CLANG_WARN_OBJC_ROOT_CLASS = YES_ERROR;
				CLANG_WARN_UNREACHABLE_CODE = YES;
				CLANG_WARN__DUPLICATE_METHOD_MATCH = YES;
				"CODE_SIGN_IDENTITY[sdk=iphoneos*]" = "iPhone Developer";
				COPY_PHASE_STRIP = NO;
				DEBUG_INFORMATION_FORMAT = "dwarf-with-dsym";
				ENABLE_STRICT_OBJC_MSGSEND = YES;
				GCC_C_LANGUAGE_STANDARD = gnu99;
				GCC_DYNAMIC_NO_PIC = NO;
				GCC_NO_COMMON_BLOCKS = YES;
				GCC_OPTIMIZATION_LEVEL = 0;
				GCC_PREPROCESSOR_DEFINITIONS = (
					"DEBUG=1",
					"$(inherited)",
				);
				GCC_SYMBOLS_PRIVATE_EXTERN = NO;
				GCC_WARN_64_TO_32_BIT_CONVERSION = YES;
				GCC_WARN_ABOUT_RETURN_TYPE = YES_ERROR;
				GCC_WARN_UNDECLARED_SELECTOR = YES;
				GCC_WARN_UNINITIALIZED_AUTOS = YES_AGGRESSIVE;
				GCC_WARN_UNUSED_FUNCTION = YES;
				GCC_WARN_UNUSED_VARIABLE = YES;
				IPHONEOS_DEPLOYMENT_TARGET = 8.3;
				MTL_ENABLE_DEBUG_INFO = YES;
				ONLY_ACTIVE_ARCH = YES;
				SDKROOT = iphoneos;
				SWIFT_OPTIMIZATION_LEVEL = "-Onone";
				TARGETED_DEVICE_FAMILY = "1,2";
			};
			name = Debug;
		};
		EC500DB01BB70B4C0052D49C /* Release */ = {
			isa = XCBuildConfiguration;
			buildSettings = {
				ALWAYS_SEARCH_USER_PATHS = NO;
				CLANG_CXX_LANGUAGE_STANDARD = "gnu++0x";
				CLANG_CXX_LIBRARY = "libc++";
				CLANG_ENABLE_MODULES = YES;
				CLANG_ENABLE_OBJC_ARC = YES;
				CLANG_WARN_BOOL_CONVERSION = YES;
				CLANG_WARN_CONSTANT_CONVERSION = YES;
				CLANG_WARN_DIRECT_OBJC_ISA_USAGE = YES_ERROR;
				CLANG_WARN_EMPTY_BODY = YES;
				CLANG_WARN_ENUM_CONVERSION = YES;
				CLANG_WARN_INT_CONVERSION = YES;
				CLANG_WARN_OBJC_ROOT_CLASS = YES_ERROR;
				CLANG_WARN_UNREACHABLE_CODE = YES;
				CLANG_WARN__DUPLICATE_METHOD_MATCH = YES;
				"CODE_SIGN_IDENTITY[sdk=iphoneos*]" = "iPhone Developer";
				COPY_PHASE_STRIP = NO;
				DEBUG_INFORMATION_FORMAT = "dwarf-with-dsym";
				ENABLE_NS_ASSERTIONS = NO;
				ENABLE_STRICT_OBJC_MSGSEND = YES;
				GCC_C_LANGUAGE_STANDARD = gnu99;
				GCC_NO_COMMON_BLOCKS = YES;
				GCC_WARN_64_TO_32_BIT_CONVERSION = YES;
				GCC_WARN_ABOUT_RETURN_TYPE = YES_ERROR;
				GCC_WARN_UNDECLARED_SELECTOR = YES;
				GCC_WARN_UNINITIALIZED_AUTOS = YES_AGGRESSIVE;
				GCC_WARN_UNUSED_FUNCTION = YES;
				GCC_WARN_UNUSED_VARIABLE = YES;
				IPHONEOS_DEPLOYMENT_TARGET = 8.3;
				MTL_ENABLE_DEBUG_INFO = NO;
				SDKROOT = iphoneos;
				TARGETED_DEVICE_FAMILY = "1,2";
				VALIDATE_PRODUCT = YES;
			};
			name = Release;
		};
		EC500DB21BB70B4C0052D49C /* Debug */ = {
			isa = XCBuildConfiguration;
			buildSettings = {
				ASSETCATALOG_COMPILER_APPICON_NAME = AppIcon;
				INFOPLIST_FILE = TipCalculator/Info.plist;
				LD_RUNPATH_SEARCH_PATHS = "$(inherited) @executable_path/Frameworks";
				PRODUCT_NAME = "$(TARGET_NAME)";
			};
			name = Debug;
		};
		EC500DB31BB70B4C0052D49C /* Release */ = {
			isa = XCBuildConfiguration;
			buildSettings = {
				ASSETCATALOG_COMPILER_APPICON_NAME = AppIcon;
				INFOPLIST_FILE = TipCalculator/Info.plist;
				LD_RUNPATH_SEARCH_PATHS = "$(inherited) @executable_path/Frameworks";
				PRODUCT_NAME = "$(TARGET_NAME)";
			};
			name = Release;
		};
		EC500DB51BB70B4C0052D49C /* Debug */ = {
			isa = XCBuildConfiguration;
			buildSettings = {
				BUNDLE_LOADER = "$(TEST_HOST)";
				FRAMEWORK_SEARCH_PATHS = (
					"$(SDKROOT)/Developer/Library/Frameworks",
					"$(inherited)",
				);
				GCC_PREPROCESSOR_DEFINITIONS = (
					"DEBUG=1",
					"$(inherited)",
				);
				INFOPLIST_FILE = TipCalculatorTests/Info.plist;
				LD_RUNPATH_SEARCH_PATHS = "$(inherited) @executable_path/Frameworks @loader_path/Frameworks";
				PRODUCT_NAME = "$(TARGET_NAME)";
				TEST_HOST = "$(BUILT_PRODUCTS_DIR)/TipCalculator.app/TipCalculator";
			};
			name = Debug;
		};
		EC500DB61BB70B4C0052D49C /* Release */ = {
			isa = XCBuildConfiguration;
			buildSettings = {
				BUNDLE_LOADER = "$(TEST_HOST)";
				FRAMEWORK_SEARCH_PATHS = (
					"$(SDKROOT)/Developer/Library/Frameworks",
					"$(inherited)",
				);
				INFOPLIST_FILE = TipCalculatorTests/Info.plist;
				LD_RUNPATH_SEARCH_PATHS = "$(inherited) @executable_path/Frameworks @loader_path/Frameworks";
				PRODUCT_NAME = "$(TARGET_NAME)";
				TEST_HOST = "$(BUILT_PRODUCTS_DIR)/TipCalculator.app/TipCalculator";
			};
			name = Release;
		};
/* End XCBuildConfiguration section */

/* Begin XCConfigurationList section */
		EC500D8D1BB70B4C0052D49C /* Build configuration list for PBXProject "TipCalculator" */ = {
			isa = XCConfigurationList;
			buildConfigurations = (
				EC500DAF1BB70B4C0052D49C /* Debug */,
				EC500DB01BB70B4C0052D49C /* Release */,
			);
			defaultConfigurationIsVisible = 0;
			defaultConfigurationName = Release;
		};
		EC500DB11BB70B4C0052D49C /* Build configuration list for PBXNativeTarget "TipCalculator" */ = {
			isa = XCConfigurationList;
			buildConfigurations = (
				EC500DB21BB70B4C0052D49C /* Debug */,
				EC500DB31BB70B4C0052D49C /* Release */,
			);
			defaultConfigurationIsVisible = 0;
		};
		EC500DB41BB70B4C0052D49C /* Build configuration list for PBXNativeTarget "TipCalculatorTests" */ = {
			isa = XCConfigurationList;
			buildConfigurations = (
				EC500DB51BB70B4C0052D49C /* Debug */,
				EC500DB61BB70B4C0052D49C /* Release */,
			);
			defaultConfigurationIsVisible = 0;
		};
/* End XCConfigurationList section */
	};
	rootObject = EC500D8A1BB70B4C0052D49C /* Project object */;
}
